
Microsoft Visual Studio Solution File, Format Version 11.00
# Visual Studio 2010
Project("{FAE04EC0-301F-11D3-BF4B-00C04F79EFBC}") = "Seminar_CSG_carpetnery", "Assembly-CSharp.csproj", "{9F658B1B-8BED-F5C5-D3C0-BB46EF1F151B}"
EndProject
Project("{FAE04EC0-301F-11D3-BF4B-00C04F79EFBC}") = "Seminar_CSG_carpetnery", "Assembly-CSharp-Editor-firstpass.csproj", "{38ADBB02-09D6-8DA0-3889-E3377A7C6036}"
EndProject
Global
	GlobalSection(SolutionConfigurationPlatforms) = preSolution
		Debug|Any CPU = Debug|Any CPU
		Release|Any CPU = Release|Any CPU
	EndGlobalSection
	GlobalSection(ProjectConfigurationPlatforms) = postSolution
		{9F658B1B-8BED-F5C5-D3C0-BB46EF1F151B}.Debug|Any CPU.ActiveCfg = Debug|Any CPU
		{9F658B1B-8BED-F5C5-D3C0-BB46EF1F151B}.Debug|Any CPU.Build.0 = Debug|Any CPU
		{9F658B1B-8BED-F5C5-D3C0-BB46EF1F151B}.Release|Any CPU.ActiveCfg = Release|Any CPU
		{9F658B1B-8BED-F5C5-D3C0-BB46EF1F151B}.Release|Any CPU.Build.0 = Release|Any CPU
		{38ADBB02-09D6-8DA0-3889-E3377A7C6036}.Debug|Any CPU.ActiveCfg = Debug|Any CPU
		{38ADBB02-09D6-8DA0-3889-E3377A7C6036}.Debug|Any CPU.Build.0 = Debug|Any CPU
		{38ADBB02-09D6-8DA0-3889-E3377A7C6036}.Release|Any CPU.ActiveCfg = Release|Any CPU
		{38ADBB02-09D6-8DA0-3889-E3377A7C6036}.Release|Any CPU.Build.0 = Release|Any CPU
	EndGlobalSection
	GlobalSection(SolutionProperties) = preSolution
		HideSolutionNode = FALSE
	EndGlobalSection
	GlobalSection(MonoDevelopProperties) = preSolution
		StartupItem = Assembly-CSharp.csproj
	EndGlobalSection
EndGlobal
